
Microsoft Visual Studio Solution File, Format Version 12.00
# Visual Studio Version 17
VisualStudioVersion = 17.12.35527.113 d17.12
MinimumVisualStudioVersion = 10.0.40219.1
Project("{F2A71F9B-5D33-465A-A702-920D77279786}") = "WebSharper.NetworkInformation", "WebSharper.NetworkInformation\WebSharper.NetworkInformation.fsproj", "{2AAA3D37-1581-4405-AF46-388F9D05FE31}"
EndProject
Project("{F2A71F9B-5D33-465A-A702-920D77279786}") = "WebSharper.NetworkInformation.Sample", "WebSharper.NetworkInformation.Sample\WebSharper.NetworkInformation.Sample.fsproj", "{AFBA2F79-8F58-466E-806F-AACF601A1893}"
EndProject
Global
	GlobalSection(SolutionConfigurationPlatforms) = preSolution
		Debug|Any CPU = Debug|Any CPU
		Release|Any CPU = Release|Any CPU
	EndGlobalSection
	GlobalSection(ProjectConfigurationPlatforms) = postSolution
		{2AAA3D37-1581-4405-AF46-388F9D05FE31}.Debug|Any CPU.ActiveCfg = Debug|Any CPU
		{2AAA3D37-1581-4405-AF46-388F9D05FE31}.Debug|Any CPU.Build.0 = Debug|Any CPU
		{2AAA3D37-1581-4405-AF46-388F9D05FE31}.Release|Any CPU.ActiveCfg = Release|Any CPU
		{2AAA3D37-1581-4405-AF46-388F9D05FE31}.Release|Any CPU.Build.0 = Release|Any CPU
		{AFBA2F79-8F58-466E-806F-AACF601A1893}.Debug|Any CPU.ActiveCfg = Debug|Any CPU
		{AFBA2F79-8F58-466E-806F-AACF601A1893}.Debug|Any CPU.Build.0 = Debug|Any CPU
		{AFBA2F79-8F58-466E-806F-AACF601A1893}.Release|Any CPU.ActiveCfg = Release|Any CPU
		{AFBA2F79-8F58-466E-806F-AACF601A1893}.Release|Any CPU.Build.0 = Release|Any CPU
	EndGlobalSection
	GlobalSection(SolutionProperties) = preSolution
		HideSolutionNode = FALSE
	EndGlobalSection
EndGlobal
